
Microsoft Visual Studio Solution File, Format Version 12.00
# Visual Studio Version 17
VisualStudioVersion = 17.4.33205.214
MinimumVisualStudioVersion = 10.0.40219.1
Project("{FAE04EC0-301F-11D3-BF4B-00C04F79EFBC}") = "Authentication_Authorization", "Authentication_Authorization\Authentication_Authorization.csproj", "{CA4E43F9-9199-447C-BE0E-A0F7D6180DD4}"
EndProject
Global
	GlobalSection(SolutionConfigurationPlatforms) = preSolution
		Debug|Any CPU = Debug|Any CPU
		Release|Any CPU = Release|Any CPU
	EndGlobalSection
	GlobalSection(ProjectConfigurationPlatforms) = postSolution
		{CA4E43F9-9199-447C-BE0E-A0F7D6180DD4}.Debug|Any CPU.ActiveCfg = Debug|Any CPU
		{CA4E43F9-9199-447C-BE0E-A0F7D6180DD4}.Debug|Any CPU.Build.0 = Debug|Any CPU
		{CA4E43F9-9199-447C-BE0E-A0F7D6180DD4}.Release|Any CPU.ActiveCfg = Release|Any CPU
		{CA4E43F9-9199-447C-BE0E-A0F7D6180DD4}.Release|Any CPU.Build.0 = Release|Any CPU
	EndGlobalSection
	GlobalSection(SolutionProperties) = preSolution
		HideSolutionNode = FALSE
	EndGlobalSection
	GlobalSection(ExtensibilityGlobals) = postSolution
		SolutionGuid = {A499FD23-8159-421E-91E0-9F9B31496361}
	EndGlobalSection
EndGlobal
